// !$*UTF8*$!
{
	archiveVersion = 1;
	classes = {
	};
	objectVersion = 50;
	objects = {

/* Begin PBXBuildFile section */
		63544320229DC35C00F960E0 /* FirstViewModel.m in Sources */ = {isa = PBXBuildFile; fileRef = 6354431F229DC35C00F960E0 /* FirstViewModel.m */; };
		635684AC22A74ECD0016A5A8 /* FirstViewModel+FetchData.m in Sources */ = {isa = PBXBuildFile; fileRef = 635684AB22A74ECD0016A5A8 /* FirstViewModel+FetchData.m */; };
		635684B522A8805E0016A5A8 /* SecondViewController.m in Sources */ = {isa = PBXBuildFile; fileRef = 635684B422A8805E0016A5A8 /* SecondViewController.m */; };
		63F0C6772299BD4900352474 /* AppDelegate.m in Sources */ = {isa = PBXBuildFile; fileRef = 63F0C6762299BD4900352474 /* AppDelegate.m */; };
		63F0C67A2299BD4900352474 /* FirstViewController.m in Sources */ = {isa = PBXBuildFile; fileRef = 63F0C6792299BD4900352474 /* FirstViewController.m */; };
		63F0C67F2299BD4C00352474 /* Assets.xcassets in Resources */ = {isa = PBXBuildFile; fileRef = 63F0C67E2299BD4C00352474 /* Assets.xcassets */; };
		63F0C6822299BD4C00352474 /* LaunchScreen.storyboard in Resources */ = {isa = PBXBuildFile; fileRef = 63F0C6802299BD4C00352474 /* LaunchScreen.storyboard */; };
		63F0C6852299BD4C00352474 /* main.m in Sources */ = {isa = PBXBuildFile; fileRef = 63F0C6842299BD4C00352474 /* main.m */; };
		63F0C6AE229AF1BB00352474 /* People.m in Sources */ = {isa = PBXBuildFile; fileRef = 63F0C6AD229AF1BB00352474 /* People.m */; };
		63F0C6B1229B179800352474 /* Constants.m in Sources */ = {isa = PBXBuildFile; fileRef = 63F0C6B0229B179800352474 /* Constants.m */; };
		63F0C6B4229B50EA00352474 /* NewTableViewCell.m in Sources */ = {isa = PBXBuildFile; fileRef = 63F0C6B3229B50EA00352474 /* NewTableViewCell.m */; };
		63F0C6B7229B525500352474 /* UIViewPGAutoLayout.swift in Sources */ = {isa = PBXBuildFile; fileRef = 63F0C6B6229B525500352474 /* UIViewPGAutoLayout.swift */; };
		63F0C6BC229B679800352474 /* HeaderView.m in Sources */ = {isa = PBXBuildFile; fileRef = 63F0C6BB229B679800352474 /* HeaderView.m */; };
/* End PBXBuildFile section */

/* Begin PBXFileReference section */
		6354431E229DC35B00F960E0 /* FirstViewModel.h */ = {isa = PBXFileReference; lastKnownFileType = sourcecode.c.h; path = FirstViewModel.h; sourceTree = "<group>"; };
		6354431F229DC35C00F960E0 /* FirstViewModel.m */ = {isa = PBXFileReference; lastKnownFileType = sourcecode.c.objc; path = FirstViewModel.m; sourceTree = "<group>"; };
		635684AA22A74ECD0016A5A8 /* FirstViewModel+FetchData.h */ = {isa = PBXFileReference; lastKnownFileType = sourcecode.c.h; path = "FirstViewModel+FetchData.h"; sourceTree = "<group>"; };
		635684AB22A74ECD0016A5A8 /* FirstViewModel+FetchData.m */ = {isa = PBXFileReference; lastKnownFileType = sourcecode.c.objc; path = "FirstViewModel+FetchData.m"; sourceTree = "<group>"; };
		635684B322A8805E0016A5A8 /* SecondViewController.h */ = {isa = PBXFileReference; lastKnownFileType = sourcecode.c.h; path = SecondViewController.h; sourceTree = "<group>"; };
		635684B422A8805E0016A5A8 /* SecondViewController.m */ = {isa = PBXFileReference; lastKnownFileType = sourcecode.c.objc; path = SecondViewController.m; sourceTree = "<group>"; };
		63F0C6722299BD4900352474 /* ObjectiveImplementations.app */ = {isa = PBXFileReference; explicitFileType = wrapper.application; includeInIndex = 0; path = ObjectiveImplementations.app; sourceTree = BUILT_PRODUCTS_DIR; };
		63F0C6752299BD4900352474 /* AppDelegate.h */ = {isa = PBXFileReference; lastKnownFileType = sourcecode.c.h; path = AppDelegate.h; sourceTree = "<group>"; };
		63F0C6762299BD4900352474 /* AppDelegate.m */ = {isa = PBXFileReference; lastKnownFileType = sourcecode.c.objc; path = AppDelegate.m; sourceTree = "<group>"; };
		63F0C6782299BD4900352474 /* FirstViewController.h */ = {isa = PBXFileReference; lastKnownFileType = sourcecode.c.h; path = FirstViewController.h; sourceTree = "<group>"; };
		63F0C6792299BD4900352474 /* FirstViewController.m */ = {isa = PBXFileReference; lastKnownFileType = sourcecode.c.objc; path = FirstViewController.m; sourceTree = "<group>"; };
		63F0C67E2299BD4C00352474 /* Assets.xcassets */ = {isa = PBXFileReference; lastKnownFileType = folder.assetcatalog; path = Assets.xcassets; sourceTree = "<group>"; };
		63F0C6812299BD4C00352474 /* Base */ = {isa = PBXFileReference; lastKnownFileType = file.storyboard; name = Base; path = Base.lproj/LaunchScreen.storyboard; sourceTree = "<group>"; };
		63F0C6832299BD4C00352474 /* Info.plist */ = {isa = PBXFileReference; lastKnownFileType = text.plist.xml; path = Info.plist; sourceTree = "<group>"; };
		63F0C6842299BD4C00352474 /* main.m */ = {isa = PBXFileReference; lastKnownFileType = sourcecode.c.objc; path = main.m; sourceTree = "<group>"; };
		63F0C6AC229AF1BB00352474 /* People.h */ = {isa = PBXFileReference; lastKnownFileType = sourcecode.c.h; path = People.h; sourceTree = "<group>"; };
		63F0C6AD229AF1BB00352474 /* People.m */ = {isa = PBXFileReference; lastKnownFileType = sourcecode.c.objc; path = People.m; sourceTree = "<group>"; };
		63F0C6AF229B179800352474 /* Constants.h */ = {isa = PBXFileReference; lastKnownFileType = sourcecode.c.h; path = Constants.h; sourceTree = "<group>"; };
		63F0C6B0229B179800352474 /* Constants.m */ = {isa = PBXFileReference; lastKnownFileType = sourcecode.c.objc; path = Constants.m; sourceTree = "<group>"; };
		63F0C6B2229B50EA00352474 /* NewTableViewCell.h */ = {isa = PBXFileReference; lastKnownFileType = sourcecode.c.h; path = NewTableViewCell.h; sourceTree = "<group>"; };
		63F0C6B3229B50EA00352474 /* NewTableViewCell.m */ = {isa = PBXFileReference; lastKnownFileType = sourcecode.c.objc; path = NewTableViewCell.m; sourceTree = "<group>"; };
		63F0C6B5229B525400352474 /* ObjectiveImplementations-Bridging-Header.h */ = {isa = PBXFileReference; lastKnownFileType = sourcecode.c.h; path = "ObjectiveImplementations-Bridging-Header.h"; sourceTree = "<group>"; };
		63F0C6B6229B525500352474 /* UIViewPGAutoLayout.swift */ = {isa = PBXFileReference; fileEncoding = 4; lastKnownFileType = sourcecode.swift; path = UIViewPGAutoLayout.swift; sourceTree = "<group>"; };
		63F0C6B9229B597000352474 /* PGViewEdge.h */ = {isa = PBXFileReference; lastKnownFileType = sourcecode.c.h; path = PGViewEdge.h; sourceTree = "<group>"; };
		63F0C6BA229B679800352474 /* HeaderView.h */ = {isa = PBXFileReference; lastKnownFileType = sourcecode.c.h; path = HeaderView.h; sourceTree = "<group>"; };
		63F0C6BB229B679800352474 /* HeaderView.m */ = {isa = PBXFileReference; lastKnownFileType = sourcecode.c.objc; path = HeaderView.m; sourceTree = "<group>"; };
/* End PBXFileReference section */

/* Begin PBXFrameworksBuildPhase section */
		63F0C66F2299BD4900352474 /* Frameworks */ = {
			isa = PBXFrameworksBuildPhase;
			buildActionMask = 2147483647;
			files = (
			);
			runOnlyForDeploymentPostprocessing = 0;
		};
/* End PBXFrameworksBuildPhase section */

/* Begin PBXGroup section */
		635684AD22A74F020016A5A8 /* FirstView */ = {
			isa = PBXGroup;
			children = (
				6354431E229DC35B00F960E0 /* FirstViewModel.h */,
				6354431F229DC35C00F960E0 /* FirstViewModel.m */,
				635684AA22A74ECD0016A5A8 /* FirstViewModel+FetchData.h */,
				635684AB22A74ECD0016A5A8 /* FirstViewModel+FetchData.m */,
				63F0C6782299BD4900352474 /* FirstViewController.h */,
				63F0C6792299BD4900352474 /* FirstViewController.m */,
			);
			path = FirstView;
			sourceTree = "<group>";
		};
		635684B222A880370016A5A8 /* SecondView */ = {
			isa = PBXGroup;
			children = (
				635684B322A8805E0016A5A8 /* SecondViewController.h */,
				635684B422A8805E0016A5A8 /* SecondViewController.m */,
			);
			path = SecondView;
			sourceTree = "<group>";
		};
		63F0C6692299BD4900352474 = {
			isa = PBXGroup;
			children = (
				63F0C6742299BD4900352474 /* ObjectiveImplementations */,
				63F0C6732299BD4900352474 /* Products */,
			);
			sourceTree = "<group>";
		};
		63F0C6732299BD4900352474 /* Products */ = {
			isa = PBXGroup;
			children = (
				63F0C6722299BD4900352474 /* ObjectiveImplementations.app */,
			);
			name = Products;
			sourceTree = "<group>";
		};
		63F0C6742299BD4900352474 /* ObjectiveImplementations */ = {
			isa = PBXGroup;
			children = (
				635684B222A880370016A5A8 /* SecondView */,
				635684AD22A74F020016A5A8 /* FirstView */,
				63F0C6B9229B597000352474 /* PGViewEdge.h */,
				63F0C6B6229B525500352474 /* UIViewPGAutoLayout.swift */,
				63F0C6752299BD4900352474 /* AppDelegate.h */,
				63F0C6762299BD4900352474 /* AppDelegate.m */,
				63F0C67E2299BD4C00352474 /* Assets.xcassets */,
				63F0C6802299BD4C00352474 /* LaunchScreen.storyboard */,
				63F0C6832299BD4C00352474 /* Info.plist */,
				63F0C6842299BD4C00352474 /* main.m */,
				63F0C6AC229AF1BB00352474 /* People.h */,
				63F0C6AD229AF1BB00352474 /* People.m */,
				63F0C6AF229B179800352474 /* Constants.h */,
				63F0C6B0229B179800352474 /* Constants.m */,
				63F0C6B2229B50EA00352474 /* NewTableViewCell.h */,
				63F0C6B3229B50EA00352474 /* NewTableViewCell.m */,
				63F0C6B5229B525400352474 /* ObjectiveImplementations-Bridging-Header.h */,
				63F0C6BA229B679800352474 /* HeaderView.h */,
				63F0C6BB229B679800352474 /* HeaderView.m */,
			);
			path = ObjectiveImplementations;
			sourceTree = "<group>";
		};
/* End PBXGroup section */

/* Begin PBXNativeTarget section */
		63F0C6712299BD4900352474 /* ObjectiveImplementations */ = {
			isa = PBXNativeTarget;
			buildConfigurationList = 63F0C6882299BD4C00352474 /* Build configuration list for PBXNativeTarget "ObjectiveImplementations" */;
			buildPhases = (
				63F0C66E2299BD4900352474 /* Sources */,
				63F0C66F2299BD4900352474 /* Frameworks */,
				63F0C6702299BD4900352474 /* Resources */,
			);
			buildRules = (
			);
			dependencies = (
			);
			name = ObjectiveImplementations;
			productName = ObjectiveImplementations;
			productReference = 63F0C6722299BD4900352474 /* ObjectiveImplementations.app */;
			productType = "com.apple.product-type.application";
		};
/* End PBXNativeTarget section */

/* Begin PBXProject section */
		63F0C66A2299BD4900352474 /* Project object */ = {
			isa = PBXProject;
			attributes = {
				LastUpgradeCheck = 1000;
				ORGANIZATIONNAME = "Iragam Reddy, Sreekanth Reddy";
				TargetAttributes = {
					63F0C6712299BD4900352474 = {
						CreatedOnToolsVersion = 10.0;
						LastSwiftMigration = 1000;
					};
				};
			};
			buildConfigurationList = 63F0C66D2299BD4900352474 /* Build configuration list for PBXProject "ObjectiveImplementations" */;
			compatibilityVersion = "Xcode 9.3";
			developmentRegion = en;
			hasScannedForEncodings = 0;
			knownRegions = (
				en,
				Base,
			);
			mainGroup = 63F0C6692299BD4900352474;
			productRefGroup = 63F0C6732299BD4900352474 /* Products */;
			projectDirPath = "";
			projectRoot = "";
			targets = (
				63F0C6712299BD4900352474 /* ObjectiveImplementations */,
			);
		};
/* End PBXProject section */

/* Begin PBXResourcesBuildPhase section */
		63F0C6702299BD4900352474 /* Resources */ = {
			isa = PBXResourcesBuildPhase;
			buildActionMask = 2147483647;
			files = (
				63F0C6822299BD4C00352474 /* LaunchScreen.storyboard in Resources */,
				63F0C67F2299BD4C00352474 /* Assets.xcassets in Resources */,
			);
			runOnlyForDeploymentPostprocessing = 0;
		};
/* End PBXResourcesBuildPhase section */

/* Begin PBXSourcesBuildPhase section */
		63F0C66E2299BD4900352474 /* Sources */ = {
			isa = PBXSourcesBuildPhase;
			buildActionMask = 2147483647;
			files = (
				63F0C6B4229B50EA00352474 /* NewTableViewCell.m in Sources */,
				63F0C6B1229B179800352474 /* Constants.m in Sources */,
				63F0C6AE229AF1BB00352474 /* People.m in Sources */,
				63F0C6BC229B679800352474 /* HeaderView.m in Sources */,
				635684AC22A74ECD0016A5A8 /* FirstViewModel+FetchData.m in Sources */,
				63F0C67A2299BD4900352474 /* FirstViewController.m in Sources */,
				63544320229DC35C00F960E0 /* FirstViewModel.m in Sources */,
				63F0C6852299BD4C00352474 /* main.m in Sources */,
				635684B522A8805E0016A5A8 /* SecondViewController.m in Sources */,
				63F0C6772299BD4900352474 /* AppDelegate.m in Sources */,
				63F0C6B7229B525500352474 /* UIViewPGAutoLayout.swift in Sources */,
			);
			runOnlyForDeploymentPostprocessing = 0;
		};
/* End PBXSourcesBuildPhase section */

/* Begin PBXVariantGroup section */
		63F0C6802299BD4C00352474 /* LaunchScreen.storyboard */ = {
			isa = PBXVariantGroup;
			children = (
				63F0C6812299BD4C00352474 /* Base */,
			);
			name = LaunchScreen.storyboard;
			sourceTree = "<group>";
		};
/* End PBXVariantGroup section */

/* Begin XCBuildConfiguration section */
		63F0C6862299BD4C00352474 /* Debug */ = {
			isa = XCBuildConfiguration;
			buildSettings = {
				ALWAYS_SEARCH_USER_PATHS = NO;
				CLANG_ANALYZER_NONNULL = YES;
				CLANG_ANALYZER_NUMBER_OBJECT_CONVERSION = YES_AGGRESSIVE;
				CLANG_CXX_LANGUAGE_STANDARD = "gnu++14";
				CLANG_CXX_LIBRARY = "libc++";
				CLANG_ENABLE_MODULES = YES;
				CLANG_ENABLE_OBJC_ARC = YES;
				CLANG_ENABLE_OBJC_WEAK = YES;
				CLANG_WARN_BLOCK_CAPTURE_AUTORELEASING = YES;
				CLANG_WARN_BOOL_CONVERSION = YES;
				CLANG_WARN_COMMA = YES;
				CLANG_WARN_CONSTANT_CONVERSION = YES;
				CLANG_WARN_DEPRECATED_OBJC_IMPLEMENTATIONS = YES;
				CLANG_WARN_DIRECT_OBJC_ISA_USAGE = YES_ERROR;
				CLANG_WARN_DOCUMENTATION_COMMENTS = YES;
				CLANG_WARN_EMPTY_BODY = YES;
				CLANG_WARN_ENUM_CONVERSION = YES;
				CLANG_WARN_INFINITE_RECURSION = YES;
				CLANG_WARN_INT_CONVERSION = YES;
				CLANG_WARN_NON_LITERAL_NULL_CONVERSION = YES;
				CLANG_WARN_OBJC_IMPLICIT_RETAIN_SELF = YES;
				CLANG_WARN_OBJC_LITERAL_CONVERSION = YES;
				CLANG_WARN_OBJC_ROOT_CLASS = YES_ERROR;
				CLANG_WARN_RANGE_LOOP_ANALYSIS = YES;
				CLANG_WARN_STRICT_PROTOTYPES = YES;
				CLANG_WARN_SUSPICIOUS_MOVE = YES;
				CLANG_WARN_UNGUARDED_AVAILABILITY = YES_AGGRESSIVE;
				CLANG_WARN_UNREACHABLE_CODE = YES;
				CLANG_WARN__DUPLICATE_METHOD_MATCH = YES;
				CODE_SIGN_IDENTITY = "iPhone Developer";
				COPY_PHASE_STRIP = NO;
				DEBUG_INFORMATION_FORMAT = dwarf;
				ENABLE_STRICT_OBJC_MSGSEND = YES;
				ENABLE_TESTABILITY = YES;
				GCC_C_LANGUAGE_STANDARD = gnu11;
				GCC_DYNAMIC_NO_PIC = NO;
				GCC_NO_COMMON_BLOCKS = YES;
				GCC_OPTIMIZATION_LEVEL = 0;
				GCC_PREPROCESSOR_DEFINITIONS = (
					"DEBUG=1",
					"$(inherited)",
				);
				GCC_WARN_64_TO_32_BIT_CONVERSION = YES;
				GCC_WARN_ABOUT_RETURN_TYPE = YES_ERROR;
				GCC_WARN_UNDECLARED_SELECTOR = YES;
				GCC_WARN_UNINITIALIZED_AUTOS = YES_AGGRESSIVE;
				GCC_WARN_UNUSED_FUNCTION = YES;
				GCC_WARN_UNUSED_VARIABLE = YES;
				IPHONEOS_DEPLOYMENT_TARGET = 12.0;
				MTL_ENABLE_DEBUG_INFO = INCLUDE_SOURCE;
				MTL_FAST_MATH = YES;
				ONLY_ACTIVE_ARCH = YES;
				SDKROOT = iphoneos;
			};
			name = Debug;
		};
		63F0C6872299BD4C00352474 /* Release */ = {
			isa = XCBuildConfiguration;
			buildSettings = {
				ALWAYS_SEARCH_USER_PATHS = NO;
				CLANG_ANALYZER_NONNULL = YES;
				CLANG_ANALYZER_NUMBER_OBJECT_CONVERSION = YES_AGGRESSIVE;
				CLANG_CXX_LANGUAGE_STANDARD = "gnu++14";
				CLANG_CXX_LIBRARY = "libc++";
				CLANG_ENABLE_MODULES = YES;
				CLANG_ENABLE_OBJC_ARC = YES;
				CLANG_ENABLE_OBJC_WEAK = YES;
				CLANG_WARN_BLOCK_CAPTURE_AUTORELEASING = YES;
				CLANG_WARN_BOOL_CONVERSION = YES;
				CLANG_WARN_COMMA = YES;
				CLANG_WARN_CONSTANT_CONVERSION = YES;
				CLANG_WARN_DEPRECATED_OBJC_IMPLEMENTATIONS = YES;
				CLANG_WARN_DIRECT_OBJC_ISA_USAGE = YES_ERROR;
				CLANG_WARN_DOCUMENTATION_COMMENTS = YES;
				CLANG_WARN_EMPTY_BODY = YES;
				CLANG_WARN_ENUM_CONVERSION = YES;
				CLANG_WARN_INFINITE_RECURSION = YES;
				CLANG_WARN_INT_CONVERSION = YES;
				CLANG_WARN_NON_LITERAL_NULL_CONVERSION = YES;
				CLANG_WARN_OBJC_IMPLICIT_RETAIN_SELF = YES;
				CLANG_WARN_OBJC_LITERAL_CONVERSION = YES;
				CLANG_WARN_OBJC_ROOT_CLASS = YES_ERROR;
				CLANG_WARN_RANGE_LOOP_ANALYSIS = YES;
				CLANG_WARN_STRICT_PROTOTYPES = YES;
				CLANG_WARN_SUSPICIOUS_MOVE = YES;
				CLANG_WARN_UNGUARDED_AVAILABILITY = YES_AGGRESSIVE;
				CLANG_WARN_UNREACHABLE_CODE = YES;
				CLANG_WARN__DUPLICATE_METHOD_MATCH = YES;
				CODE_SIGN_IDENTITY = "iPhone Developer";
				COPY_PHASE_STRIP = NO;
				DEBUG_INFORMATION_FORMAT = "dwarf-with-dsym";
				ENABLE_NS_ASSERTIONS = NO;
				ENABLE_STRICT_OBJC_MSGSEND = YES;
				GCC_C_LANGUAGE_STANDARD = gnu11;
				GCC_NO_COMMON_BLOCKS = YES;
				GCC_WARN_64_TO_32_BIT_CONVERSION = YES;
				GCC_WARN_ABOUT_RETURN_TYPE = YES_ERROR;
				GCC_WARN_UNDECLARED_SELECTOR = YES;
				GCC_WARN_UNINITIALIZED_AUTOS = YES_AGGRESSIVE;
				GCC_WARN_UNUSED_FUNCTION = YES;
				GCC_WARN_UNUSED_VARIABLE = YES;
				IPHONEOS_DEPLOYMENT_TARGET = 12.0;
				MTL_ENABLE_DEBUG_INFO = NO;
				MTL_FAST_MATH = YES;
				SDKROOT = iphoneos;
				VALIDATE_PRODUCT = YES;
			};
			name = Release;
		};
		63F0C6892299BD4C00352474 /* Debug */ = {
			isa = XCBuildConfiguration;
			buildSettings = {
				ASSETCATALOG_COMPILER_APPICON_NAME = AppIcon;
				CLANG_ENABLE_MODULES = YES;
				CODE_SIGN_STYLE = Automatic;
				INFOPLIST_FILE = ObjectiveImplementations/Info.plist;
				LD_RUNPATH_SEARCH_PATHS = (
					"$(inherited)",
					"@executable_path/Frameworks",
				);
				PRODUCT_BUNDLE_IDENTIFIER = new.universal.collectionsticky.ObjectiveImplementations;
				PRODUCT_NAME = "$(TARGET_NAME)";
				SWIFT_OBJC_BRIDGING_HEADER = "ObjectiveImplementations/ObjectiveImplementations-Bridging-Header.h";
				SWIFT_OPTIMIZATION_LEVEL = "-Onone";
				SWIFT_VERSION = 4.2;
				TARGETED_DEVICE_FAMILY = "1,2";
			};
			name = Debug;
		};
		63F0C68A2299BD4C00352474 /* Release */ = {
			isa = XCBuildConfiguration;
			buildSettings = {
				ASSETCATALOG_COMPILER_APPICON_NAME = AppIcon;
				CLANG_ENABLE_MODULES = YES;
				CODE_SIGN_STYLE = Automatic;
				INFOPLIST_FILE = ObjectiveImplementations/Info.plist;
				LD_RUNPATH_SEARCH_PATHS = (
					"$(inherited)",
					"@executable_path/Frameworks",
				);
				PRODUCT_BUNDLE_IDENTIFIER = new.universal.collectionsticky.ObjectiveImplementations;
				PRODUCT_NAME = "$(TARGET_NAME)";
				SWIFT_OBJC_BRIDGING_HEADER = "ObjectiveImplementations/ObjectiveImplementations-Bridging-Header.h";
				SWIFT_VERSION = 4.2;
				TARGETED_DEVICE_FAMILY = "1,2";
			};
			name = Release;
		};
/* End XCBuildConfiguration section */

/* Begin XCConfigurationList section */
		63F0C66D2299BD4900352474 /* Build configuration list for PBXProject "ObjectiveImplementations" */ = {
			isa = XCConfigurationList;
			buildConfigurations = (
				63F0C6862299BD4C00352474 /* Debug */,
				63F0C6872299BD4C00352474 /* Release */,
			);
			defaultConfigurationIsVisible = 0;
			defaultConfigurationName = Release;
		};
		63F0C6882299BD4C00352474 /* Build configuration list for PBXNativeTarget "ObjectiveImplementations" */ = {
			isa = XCConfigurationList;
			buildConfigurations = (
				63F0C6892299BD4C00352474 /* Debug */,
				63F0C68A2299BD4C00352474 /* Release */,
			);
			defaultConfigurationIsVisible = 0;
			defaultConfigurationName = Release;
		};
/* End XCConfigurationList section */
	};
	rootObject = 63F0C66A2299BD4900352474 /* Project object */;
}
